
Microsoft Visual Studio Solution File, Format Version 12.00
# Visual Studio Version 16
VisualStudioVersion = 16.0.32228.343
MinimumVisualStudioVersion = 10.0.40219.1
Project("{FAE04EC0-301F-11D3-BF4B-00C04F79EFBC}") = "Demo_MQTT", "Demo_MQTT\Demo_MQTT.csproj", "{513F9672-0227-4E60-BA78-ADCE6970DE3D}"
EndProject
Global
	GlobalSection(SolutionConfigurationPlatforms) = preSolution
		Debug|Any CPU = Debug|Any CPU
		Release|Any CPU = Release|Any CPU
	EndGlobalSection
	GlobalSection(ProjectConfigurationPlatforms) = postSolution
		{513F9672-0227-4E60-BA78-ADCE6970DE3D}.Debug|Any CPU.ActiveCfg = Debug|Any CPU
		{513F9672-0227-4E60-BA78-ADCE6970DE3D}.Debug|Any CPU.Build.0 = Debug|Any CPU
		{513F9672-0227-4E60-BA78-ADCE6970DE3D}.Release|Any CPU.ActiveCfg = Release|Any CPU
		{513F9672-0227-4E60-BA78-ADCE6970DE3D}.Release|Any CPU.Build.0 = Release|Any CPU
	EndGlobalSection
	GlobalSection(SolutionProperties) = preSolution
		HideSolutionNode = FALSE
	EndGlobalSection
	GlobalSection(ExtensibilityGlobals) = postSolution
		SolutionGuid = {B33A2D9C-B9F3-4167-8F33-91EA0A5897E7}
	EndGlobalSection
EndGlobal
